// !$*UTF8*$!
{
	archiveVersion = 1;
	classes = {
	};
	objectVersion = 50;
	objects = {

/* Begin PBXBuildFile section */
		276308A05C44FFE64AC2F29E /* Pods_Trip_PlannerTests.framework in Frameworks */ = {isa = PBXBuildFile; fileRef = FF28CA963061B02E84BFE442 /* Pods_Trip_PlannerTests.framework */; };
		5D1FC2B822823DF300F1547A /* WayPointVC.swift in Sources */ = {isa = PBXBuildFile; fileRef = 5D1FC2B722823DF300F1547A /* WayPointVC.swift */; };
		5D1FC2BA228256A200F1547A /* AccessPlist.swift in Sources */ = {isa = PBXBuildFile; fileRef = 5D1FC2B9228256A200F1547A /* AccessPlist.swift */; };
		5D4735D8227FF56C00A53896 /* AddTripVC.swift in Sources */ = {isa = PBXBuildFile; fileRef = 5D4735D7227FF56C00A53896 /* AddTripVC.swift */; };
		5D4735DA227FF9C700A53896 /* AddTripVC+Constraints.swift in Sources */ = {isa = PBXBuildFile; fileRef = 5D4735D9227FF9C700A53896 /* AddTripVC+Constraints.swift */; };
		5D4735DD228001BD00A53896 /* UINavController.swift in Sources */ = {isa = PBXBuildFile; fileRef = 5D4735DC228001BD00A53896 /* UINavController.swift */; };
		5D7F3D7D228B414F00FF4F1B /* WaypointCell.swift in Sources */ = {isa = PBXBuildFile; fileRef = 5D7F3D7C228B414F00FF4F1B /* WaypointCell.swift */; };
		5D7F3D80228B43E900FF4F1B /* Waypoint.swift in Sources */ = {isa = PBXBuildFile; fileRef = 5D7F3D7F228B43E900FF4F1B /* Waypoint.swift */; };
		5D7F3D83228B6FDB00FF4F1B /* CoreDataManager.swift in Sources */ = {isa = PBXBuildFile; fileRef = 5D7F3D82228B6FDB00FF4F1B /* CoreDataManager.swift */; };
		5DE2FDA32286583700B85709 /* PlaceModel.swift in Sources */ = {isa = PBXBuildFile; fileRef = 5DE2FDA22286583700B85709 /* PlaceModel.swift */; };
		5DE98AC02273C1960033FD91 /* AppDelegate.swift in Sources */ = {isa = PBXBuildFile; fileRef = 5DE98ABF2273C1960033FD91 /* AppDelegate.swift */; };
		5DE98AC22273C1960033FD91 /* PlannedTripVC.swift in Sources */ = {isa = PBXBuildFile; fileRef = 5DE98AC12273C1960033FD91 /* PlannedTripVC.swift */; };
		5DE98AC82273C1960033FD91 /* Trip_Planner.xcdatamodeld in Sources */ = {isa = PBXBuildFile; fileRef = 5DE98AC62273C1960033FD91 /* Trip_Planner.xcdatamodeld */; };
		5DE98ACA2273C1990033FD91 /* Assets.xcassets in Resources */ = {isa = PBXBuildFile; fileRef = 5DE98AC92273C1990033FD91 /* Assets.xcassets */; };
		5DE98ACD2273C1990033FD91 /* LaunchScreen.storyboard in Resources */ = {isa = PBXBuildFile; fileRef = 5DE98ACB2273C1990033FD91 /* LaunchScreen.storyboard */; };
		5DE98AD82273C1990033FD91 /* Trip_PlannerTests.swift in Sources */ = {isa = PBXBuildFile; fileRef = 5DE98AD72273C1990033FD91 /* Trip_PlannerTests.swift */; };
		5DE98AE32273C7CC0033FD91 /* PlannedTripVC+Constraints.swift in Sources */ = {isa = PBXBuildFile; fileRef = 5DE98AE22273C7CC0033FD91 /* PlannedTripVC+Constraints.swift */; };
		5DF435EB2287823900EA7E86 /* WaypointVC+Constraints.swift in Sources */ = {isa = PBXBuildFile; fileRef = 5DF435EA2287823900EA7E86 /* WaypointVC+Constraints.swift */; };
		5DF740352283AD7C00D8A8D4 /* Router.swift in Sources */ = {isa = PBXBuildFile; fileRef = 5DF740342283AD7C00D8A8D4 /* Router.swift */; };
		5DF740372283AD8900D8A8D4 /* ServiceLayer.swift in Sources */ = {isa = PBXBuildFile; fileRef = 5DF740362283AD8900D8A8D4 /* ServiceLayer.swift */; };
		5DF82E8B228D40D300CB69FF /* Waypoint+CoreDataClass.swift in Sources */ = {isa = PBXBuildFile; fileRef = 5DF82E87228D40D300CB69FF /* Waypoint+CoreDataClass.swift */; };
		5DF82E8C228D40D300CB69FF /* Waypoint+CoreDataProperties.swift in Sources */ = {isa = PBXBuildFile; fileRef = 5DF82E88228D40D300CB69FF /* Waypoint+CoreDataProperties.swift */; };
		5DF82E8D228D40D300CB69FF /* Trip+CoreDataClass.swift in Sources */ = {isa = PBXBuildFile; fileRef = 5DF82E89228D40D300CB69FF /* Trip+CoreDataClass.swift */; };
		5DF82E8E228D40D300CB69FF /* Trip+CoreDataProperties.swift in Sources */ = {isa = PBXBuildFile; fileRef = 5DF82E8A228D40D300CB69FF /* Trip+CoreDataProperties.swift */; };
		5DF82E90228D440C00CB69FF /* Constants.swift in Sources */ = {isa = PBXBuildFile; fileRef = 5DF82E8F228D440C00CB69FF /* Constants.swift */; };
		5DF9D1652280B5DA00C6119D /* SpecificTripVC.swift in Sources */ = {isa = PBXBuildFile; fileRef = 5DF9D1642280B5DA00C6119D /* SpecificTripVC.swift */; };
		5DF9D1682280C77100C6119D /* SpecificTripVC+Constraints.swift in Sources */ = {isa = PBXBuildFile; fileRef = 5DF9D1672280C77100C6119D /* SpecificTripVC+Constraints.swift */; };
		D2BC101BA1B74A590DFFC805 /* Pods_Trip_Planner.framework in Frameworks */ = {isa = PBXBuildFile; fileRef = 755334D60E672D53E5AEDC5A /* Pods_Trip_Planner.framework */; };
/* End PBXBuildFile section */

/* Begin PBXContainerItemProxy section */
		5DE98AD42273C1990033FD91 /* PBXContainerItemProxy */ = {
			isa = PBXContainerItemProxy;
			containerPortal = 5DE98AB42273C1960033FD91 /* Project object */;
			proxyType = 1;
			remoteGlobalIDString = 5DE98ABB2273C1960033FD91;
			remoteInfo = "Trip Planner";
		};
/* End PBXContainerItemProxy section */

/* Begin PBXFileReference section */
		13BF930ED536FED6EC8D5C74 /* Pods-Trip PlannerTests.release.xcconfig */ = {isa = PBXFileReference; includeInIndex = 1; lastKnownFileType = text.xcconfig; name = "Pods-Trip PlannerTests.release.xcconfig"; path = "Target Support Files/Pods-Trip PlannerTests/Pods-Trip PlannerTests.release.xcconfig"; sourceTree = "<group>"; };
		5D1FC2B722823DF300F1547A /* WayPointVC.swift */ = {isa = PBXFileReference; lastKnownFileType = sourcecode.swift; path = WayPointVC.swift; sourceTree = "<group>"; };
		5D1FC2B9228256A200F1547A /* AccessPlist.swift */ = {isa = PBXFileReference; lastKnownFileType = sourcecode.swift; path = AccessPlist.swift; sourceTree = "<group>"; };
		5D4735D7227FF56C00A53896 /* AddTripVC.swift */ = {isa = PBXFileReference; lastKnownFileType = sourcecode.swift; path = AddTripVC.swift; sourceTree = "<group>"; };
		5D4735D9227FF9C700A53896 /* AddTripVC+Constraints.swift */ = {isa = PBXFileReference; lastKnownFileType = sourcecode.swift; path = "AddTripVC+Constraints.swift"; sourceTree = "<group>"; };
		5D4735DC228001BD00A53896 /* UINavController.swift */ = {isa = PBXFileReference; lastKnownFileType = sourcecode.swift; path = UINavController.swift; sourceTree = "<group>"; };
		5D7F3D7C228B414F00FF4F1B /* WaypointCell.swift */ = {isa = PBXFileReference; lastKnownFileType = sourcecode.swift; name = WaypointCell.swift; path = TripPlanner/View/WaypointCell.swift; sourceTree = SOURCE_ROOT; };
		5D7F3D7F228B43E900FF4F1B /* Waypoint.swift */ = {isa = PBXFileReference; lastKnownFileType = sourcecode.swift; path = Waypoint.swift; sourceTree = "<group>"; };
		5D7F3D82228B6FDB00FF4F1B /* CoreDataManager.swift */ = {isa = PBXFileReference; lastKnownFileType = sourcecode.swift; path = CoreDataManager.swift; sourceTree = "<group>"; };
		5DE2FDA22286583700B85709 /* PlaceModel.swift */ = {isa = PBXFileReference; lastKnownFileType = sourcecode.swift; path = PlaceModel.swift; sourceTree = "<group>"; };
		5DE98ABC2273C1960033FD91 /* TripPlanner.app */ = {isa = PBXFileReference; explicitFileType = wrapper.application; includeInIndex = 0; path = TripPlanner.app; sourceTree = BUILT_PRODUCTS_DIR; };
		5DE98ABF2273C1960033FD91 /* AppDelegate.swift */ = {isa = PBXFileReference; lastKnownFileType = sourcecode.swift; path = AppDelegate.swift; sourceTree = "<group>"; };
		5DE98AC12273C1960033FD91 /* PlannedTripVC.swift */ = {isa = PBXFileReference; lastKnownFileType = sourcecode.swift; path = PlannedTripVC.swift; sourceTree = "<group>"; };
		5DE98AC72273C1960033FD91 /* Trip_Planner.xcdatamodel */ = {isa = PBXFileReference; lastKnownFileType = wrapper.xcdatamodel; path = Trip_Planner.xcdatamodel; sourceTree = "<group>"; };
		5DE98AC92273C1990033FD91 /* Assets.xcassets */ = {isa = PBXFileReference; lastKnownFileType = folder.assetcatalog; path = Assets.xcassets; sourceTree = "<group>"; };
		5DE98ACC2273C1990033FD91 /* Base */ = {isa = PBXFileReference; lastKnownFileType = file.storyboard; name = Base; path = Base.lproj/LaunchScreen.storyboard; sourceTree = "<group>"; };
		5DE98AD32273C1990033FD91 /* Trip PlannerTests.xctest */ = {isa = PBXFileReference; explicitFileType = wrapper.cfbundle; includeInIndex = 0; path = "Trip PlannerTests.xctest"; sourceTree = BUILT_PRODUCTS_DIR; };
		5DE98AD72273C1990033FD91 /* Trip_PlannerTests.swift */ = {isa = PBXFileReference; lastKnownFileType = sourcecode.swift; path = Trip_PlannerTests.swift; sourceTree = "<group>"; };
		5DE98AE22273C7CC0033FD91 /* PlannedTripVC+Constraints.swift */ = {isa = PBXFileReference; lastKnownFileType = sourcecode.swift; path = "PlannedTripVC+Constraints.swift"; sourceTree = "<group>"; };
		5DF435EA2287823900EA7E86 /* WaypointVC+Constraints.swift */ = {isa = PBXFileReference; lastKnownFileType = sourcecode.swift; path = "WaypointVC+Constraints.swift"; sourceTree = "<group>"; };
		5DF740342283AD7C00D8A8D4 /* Router.swift */ = {isa = PBXFileReference; lastKnownFileType = sourcecode.swift; path = Router.swift; sourceTree = "<group>"; };
		5DF740362283AD8900D8A8D4 /* ServiceLayer.swift */ = {isa = PBXFileReference; lastKnownFileType = sourcecode.swift; path = ServiceLayer.swift; sourceTree = "<group>"; };
		5DF82E87228D40D300CB69FF /* Waypoint+CoreDataClass.swift */ = {isa = PBXFileReference; lastKnownFileType = sourcecode.swift; path = "Waypoint+CoreDataClass.swift"; sourceTree = "<group>"; };
		5DF82E88228D40D300CB69FF /* Waypoint+CoreDataProperties.swift */ = {isa = PBXFileReference; lastKnownFileType = sourcecode.swift; path = "Waypoint+CoreDataProperties.swift"; sourceTree = "<group>"; };
		5DF82E89228D40D300CB69FF /* Trip+CoreDataClass.swift */ = {isa = PBXFileReference; lastKnownFileType = sourcecode.swift; path = "Trip+CoreDataClass.swift"; sourceTree = "<group>"; };
		5DF82E8A228D40D300CB69FF /* Trip+CoreDataProperties.swift */ = {isa = PBXFileReference; lastKnownFileType = sourcecode.swift; path = "Trip+CoreDataProperties.swift"; sourceTree = "<group>"; };
		5DF82E8F228D440C00CB69FF /* Constants.swift */ = {isa = PBXFileReference; lastKnownFileType = sourcecode.swift; path = Constants.swift; sourceTree = "<group>"; };
		5DF8C208228D137400765FA1 /* Info.plist */ = {isa = PBXFileReference; lastKnownFileType = text.plist.xml; path = Info.plist; sourceTree = "<group>"; };
		5DF8C20C228D168900765FA1 /* Info.plist */ = {isa = PBXFileReference; lastKnownFileType = text.plist.xml; path = Info.plist; sourceTree = "<group>"; };
		5DF9D1642280B5DA00C6119D /* SpecificTripVC.swift */ = {isa = PBXFileReference; lastKnownFileType = sourcecode.swift; path = SpecificTripVC.swift; sourceTree = "<group>"; };
		5DF9D1672280C77100C6119D /* SpecificTripVC+Constraints.swift */ = {isa = PBXFileReference; lastKnownFileType = sourcecode.swift; path = "SpecificTripVC+Constraints.swift"; sourceTree = "<group>"; };
		755334D60E672D53E5AEDC5A /* Pods_Trip_Planner.framework */ = {isa = PBXFileReference; explicitFileType = wrapper.framework; includeInIndex = 0; path = Pods_Trip_Planner.framework; sourceTree = BUILT_PRODUCTS_DIR; };
		969AE107D9DD79C5B2F2E074 /* Pods-Trip PlannerTests.debug.xcconfig */ = {isa = PBXFileReference; includeInIndex = 1; lastKnownFileType = text.xcconfig; name = "Pods-Trip PlannerTests.debug.xcconfig"; path = "Target Support Files/Pods-Trip PlannerTests/Pods-Trip PlannerTests.debug.xcconfig"; sourceTree = "<group>"; };
		E2668E5E3A6C5170ABF7D83F /* Pods-Trip Planner.debug.xcconfig */ = {isa = PBXFileReference; includeInIndex = 1; lastKnownFileType = text.xcconfig; name = "Pods-Trip Planner.debug.xcconfig"; path = "Target Support Files/Pods-Trip Planner/Pods-Trip Planner.debug.xcconfig"; sourceTree = "<group>"; };
		F9BF8C0C7754CCC3FE20D05B /* Pods-Trip Planner.release.xcconfig */ = {isa = PBXFileReference; includeInIndex = 1; lastKnownFileType = text.xcconfig; name = "Pods-Trip Planner.release.xcconfig"; path = "Target Support Files/Pods-Trip Planner/Pods-Trip Planner.release.xcconfig"; sourceTree = "<group>"; };
		FF28CA963061B02E84BFE442 /* Pods_Trip_PlannerTests.framework */ = {isa = PBXFileReference; explicitFileType = wrapper.framework; includeInIndex = 0; path = Pods_Trip_PlannerTests.framework; sourceTree = BUILT_PRODUCTS_DIR; };
/* End PBXFileReference section */

/* Begin PBXFrameworksBuildPhase section */
		5DE98AB92273C1960033FD91 /* Frameworks */ = {
			isa = PBXFrameworksBuildPhase;
			buildActionMask = 2147483647;
			files = (
				D2BC101BA1B74A590DFFC805 /* Pods_Trip_Planner.framework in Frameworks */,
			);
			runOnlyForDeploymentPostprocessing = 0;
		};
		5DE98AD02273C1990033FD91 /* Frameworks */ = {
			isa = PBXFrameworksBuildPhase;
			buildActionMask = 2147483647;
			files = (
				276308A05C44FFE64AC2F29E /* Pods_Trip_PlannerTests.framework in Frameworks */,
			);
			runOnlyForDeploymentPostprocessing = 0;
		};
/* End PBXFrameworksBuildPhase section */

/* Begin PBXGroup section */
		3D6B586FA83962596C7C8BAC /* Pods */ = {
			isa = PBXGroup;
			children = (
				E2668E5E3A6C5170ABF7D83F /* Pods-Trip Planner.debug.xcconfig */,
				F9BF8C0C7754CCC3FE20D05B /* Pods-Trip Planner.release.xcconfig */,
				969AE107D9DD79C5B2F2E074 /* Pods-Trip PlannerTests.debug.xcconfig */,
				13BF930ED536FED6EC8D5C74 /* Pods-Trip PlannerTests.release.xcconfig */,
			);
			path = Pods;
			sourceTree = "<group>";
		};
		5D4735DB2280018F00A53896 /* Extensions */ = {
			isa = PBXGroup;
			children = (
				5DF82E8F228D440C00CB69FF /* Constants.swift */,
				5D4735DC228001BD00A53896 /* UINavController.swift */,
			);
			path = Extensions;
			sourceTree = "<group>";
		};
		5D7F3D7E228B419600FF4F1B /* View */ = {
			isa = PBXGroup;
			children = (
				5D7F3D7C228B414F00FF4F1B /* WaypointCell.swift */,
			);
			path = View;
			sourceTree = "<group>";
		};
		5D7F3D81228B6FA800FF4F1B /* Core Data */ = {
			isa = PBXGroup;
			children = (
				5D7F3D82228B6FDB00FF4F1B /* CoreDataManager.swift */,
			);
			path = "Core Data";
			sourceTree = "<group>";
		};
		5DE98AB32273C1960033FD91 = {
			isa = PBXGroup;
			children = (
				5DE98ABE2273C1960033FD91 /* TripPlanner */,
				5DE98AD62273C1990033FD91 /* TripPlannerTests */,
				5DE98ABD2273C1960033FD91 /* Products */,
				3D6B586FA83962596C7C8BAC /* Pods */,
				E7AD73590BBA735CE5D320C9 /* Frameworks */,
			);
			sourceTree = "<group>";
		};
		5DE98ABD2273C1960033FD91 /* Products */ = {
			isa = PBXGroup;
			children = (
				5DE98ABC2273C1960033FD91 /* TripPlanner.app */,
				5DE98AD32273C1990033FD91 /* Trip PlannerTests.xctest */,
			);
			name = Products;
			sourceTree = "<group>";
		};
		5DE98ABE2273C1960033FD91 /* TripPlanner */ = {
			isa = PBXGroup;
			children = (
				5DE98ABF2273C1960033FD91 /* AppDelegate.swift */,
				5DF82E86228D301E00CB69FF /* MISC */,
				5D4735DB2280018F00A53896 /* Extensions */,
				5DE98AE52273C8E70033FD91 /* ControllerConstraints */,
				5DF740332283AD4300D8A8D4 /* Model */,
				5D7F3D7E228B419600FF4F1B /* View */,
				5DE98AE42273C8D60033FD91 /* Controller */,
				5DE98AC92273C1990033FD91 /* Assets.xcassets */,
				5DE98ACB2273C1990033FD91 /* LaunchScreen.storyboard */,
				5DF8C208228D137400765FA1 /* Info.plist */,
				5DE98AC62273C1960033FD91 /* Trip_Planner.xcdatamodeld */,
			);
			path = TripPlanner;
			sourceTree = "<group>";
		};
		5DE98AD62273C1990033FD91 /* TripPlannerTests */ = {
			isa = PBXGroup;
			children = (
				5DE98AD72273C1990033FD91 /* Trip_PlannerTests.swift */,
				5DF8C20C228D168900765FA1 /* Info.plist */,
			);
			path = TripPlannerTests;
			sourceTree = "<group>";
		};
		5DE98AE42273C8D60033FD91 /* Controller */ = {
			isa = PBXGroup;
			children = (
				5DE98AC12273C1960033FD91 /* PlannedTripVC.swift */,
				5D4735D7227FF56C00A53896 /* AddTripVC.swift */,
				5DF9D1642280B5DA00C6119D /* SpecificTripVC.swift */,
				5D1FC2B722823DF300F1547A /* WayPointVC.swift */,
			);
			path = Controller;
			sourceTree = "<group>";
		};
		5DE98AE52273C8E70033FD91 /* ControllerConstraints */ = {
			isa = PBXGroup;
			children = (
				5DE98AE22273C7CC0033FD91 /* PlannedTripVC+Constraints.swift */,
				5D4735D9227FF9C700A53896 /* AddTripVC+Constraints.swift */,
				5DF9D1672280C77100C6119D /* SpecificTripVC+Constraints.swift */,
				5DF435EA2287823900EA7E86 /* WaypointVC+Constraints.swift */,
			);
			path = ControllerConstraints;
			sourceTree = "<group>";
		};
		5DF435E72286780E00EA7E86 /* Networking */ = {
			isa = PBXGroup;
			children = (
				5DF740342283AD7C00D8A8D4 /* Router.swift */,
				5DF740362283AD8900D8A8D4 /* ServiceLayer.swift */,
			);
			path = Networking;
			sourceTree = "<group>";
		};
		5DF740332283AD4300D8A8D4 /* Model */ = {
			isa = PBXGroup;
			children = (
				5DF82E87228D40D300CB69FF /* Waypoint+CoreDataClass.swift */,
				5DF82E88228D40D300CB69FF /* Waypoint+CoreDataProperties.swift */,
				5DF82E89228D40D300CB69FF /* Trip+CoreDataClass.swift */,
				5DF82E8A228D40D300CB69FF /* Trip+CoreDataProperties.swift */,
				5D7F3D81228B6FA800FF4F1B /* Core Data */,
			);
			path = Model;
			sourceTree = "<group>";
		};
		5DF82E86228D301E00CB69FF /* MISC */ = {
			isa = PBXGroup;
			children = (
				5D1FC2B9228256A200F1547A /* AccessPlist.swift */,
				5D7F3D7F228B43E900FF4F1B /* Waypoint.swift */,
				5DE2FDA22286583700B85709 /* PlaceModel.swift */,
				5DF435E72286780E00EA7E86 /* Networking */,
			);
			path = MISC;
			sourceTree = "<group>";
		};
		E7AD73590BBA735CE5D320C9 /* Frameworks */ = {
			isa = PBXGroup;
			children = (
				755334D60E672D53E5AEDC5A /* Pods_Trip_Planner.framework */,
				FF28CA963061B02E84BFE442 /* Pods_Trip_PlannerTests.framework */,
			);
			name = Frameworks;
			sourceTree = "<group>";
		};
/* End PBXGroup section */

/* Begin PBXNativeTarget section */
		5DE98ABB2273C1960033FD91 /* TripPlanner */ = {
			isa = PBXNativeTarget;
			buildConfigurationList = 5DE98ADC2273C1990033FD91 /* Build configuration list for PBXNativeTarget "TripPlanner" */;
			buildPhases = (
				774723909CA96655A1746BF8 /* [CP] Check Pods Manifest.lock */,
				5DE98AB82273C1960033FD91 /* Sources */,
				5DE98AB92273C1960033FD91 /* Frameworks */,
				5DE98ABA2273C1960033FD91 /* Resources */,
				3DB8CEB96BE50389D42F6C20 /* [CP] Copy Pods Resources */,
			);
			buildRules = (
			);
			dependencies = (
			);
			name = TripPlanner;
			productName = "Trip Planner";
			productReference = 5DE98ABC2273C1960033FD91 /* TripPlanner.app */;
			productType = "com.apple.product-type.application";
		};
		5DE98AD22273C1990033FD91 /* Trip PlannerTests */ = {
			isa = PBXNativeTarget;
			buildConfigurationList = 5DE98ADF2273C1990033FD91 /* Build configuration list for PBXNativeTarget "Trip PlannerTests" */;
			buildPhases = (
				C00C181A19A84AF6F04BC2A3 /* [CP] Check Pods Manifest.lock */,
				5DE98ACF2273C1990033FD91 /* Sources */,
				5DE98AD02273C1990033FD91 /* Frameworks */,
				5DE98AD12273C1990033FD91 /* Resources */,
			);
			buildRules = (
			);
			dependencies = (
				5DE98AD52273C1990033FD91 /* PBXTargetDependency */,
			);
			name = "Trip PlannerTests";
			productName = "Trip PlannerTests";
			productReference = 5DE98AD32273C1990033FD91 /* Trip PlannerTests.xctest */;
			productType = "com.apple.product-type.bundle.unit-test";
		};
/* End PBXNativeTarget section */

/* Begin PBXProject section */
		5DE98AB42273C1960033FD91 /* Project object */ = {
			isa = PBXProject;
			attributes = {
				LastSwiftUpdateCheck = 1010;
				LastUpgradeCheck = 1010;
				ORGANIZATIONNAME = "Stephen Ouyang";
				TargetAttributes = {
					5DE98ABB2273C1960033FD91 = {
						CreatedOnToolsVersion = 10.1;
					};
					5DE98AD22273C1990033FD91 = {
						CreatedOnToolsVersion = 10.1;
						TestTargetID = 5DE98ABB2273C1960033FD91;
					};
				};
			};
			buildConfigurationList = 5DE98AB72273C1960033FD91 /* Build configuration list for PBXProject "TripPlanner" */;
			compatibilityVersion = "Xcode 9.3";
			developmentRegion = en;
			hasScannedForEncodings = 0;
			knownRegions = (
				en,
				Base,
			);
			mainGroup = 5DE98AB32273C1960033FD91;
			productRefGroup = 5DE98ABD2273C1960033FD91 /* Products */;
			projectDirPath = "";
			projectRoot = "";
			targets = (
				5DE98ABB2273C1960033FD91 /* TripPlanner */,
				5DE98AD22273C1990033FD91 /* Trip PlannerTests */,
			);
		};
/* End PBXProject section */

/* Begin PBXResourcesBuildPhase section */
		5DE98ABA2273C1960033FD91 /* Resources */ = {
			isa = PBXResourcesBuildPhase;
			buildActionMask = 2147483647;
			files = (
				5DE98ACD2273C1990033FD91 /* LaunchScreen.storyboard in Resources */,
				5DE98ACA2273C1990033FD91 /* Assets.xcassets in Resources */,
			);
			runOnlyForDeploymentPostprocessing = 0;
		};
		5DE98AD12273C1990033FD91 /* Resources */ = {
			isa = PBXResourcesBuildPhase;
			buildActionMask = 2147483647;
			files = (
			);
			runOnlyForDeploymentPostprocessing = 0;
		};
/* End PBXResourcesBuildPhase section */

/* Begin PBXShellScriptBuildPhase section */
		3DB8CEB96BE50389D42F6C20 /* [CP] Copy Pods Resources */ = {
			isa = PBXShellScriptBuildPhase;
			buildActionMask = 2147483647;
			files = (
			);
			inputFileListPaths = (
			);
			inputPaths = (
				"${PODS_ROOT}/Target Support Files/Pods-Trip Planner/Pods-Trip Planner-resources.sh",
				"${PODS_ROOT}/GoogleMaps/Maps/Frameworks/GoogleMaps.framework/Resources/GoogleMaps.bundle",
				"${PODS_ROOT}/GooglePlaces/Frameworks/GooglePlaces.framework/Resources/GooglePlaces.bundle",
			);
			name = "[CP] Copy Pods Resources";
			outputFileListPaths = (
			);
			outputPaths = (
				"${TARGET_BUILD_DIR}/${UNLOCALIZED_RESOURCES_FOLDER_PATH}/GoogleMaps.bundle",
				"${TARGET_BUILD_DIR}/${UNLOCALIZED_RESOURCES_FOLDER_PATH}/GooglePlaces.bundle",
			);
			runOnlyForDeploymentPostprocessing = 0;
			shellPath = /bin/sh;
			shellScript = "\"${PODS_ROOT}/Target Support Files/Pods-Trip Planner/Pods-Trip Planner-resources.sh\"\n";
			showEnvVarsInLog = 0;
		};
		774723909CA96655A1746BF8 /* [CP] Check Pods Manifest.lock */ = {
			isa = PBXShellScriptBuildPhase;
			buildActionMask = 2147483647;
			files = (
			);
			inputFileListPaths = (
			);
			inputPaths = (
				"${PODS_PODFILE_DIR_PATH}/Podfile.lock",
				"${PODS_ROOT}/Manifest.lock",
			);
			name = "[CP] Check Pods Manifest.lock";
			outputFileListPaths = (
			);
			outputPaths = (
				"$(DERIVED_FILE_DIR)/Pods-Trip Planner-checkManifestLockResult.txt",
			);
			runOnlyForDeploymentPostprocessing = 0;
			shellPath = /bin/sh;
			shellScript = "diff \"${PODS_PODFILE_DIR_PATH}/Podfile.lock\" \"${PODS_ROOT}/Manifest.lock\" > /dev/null\nif [ $? != 0 ] ; then\n    # print error to STDERR\n    echo \"error: The sandbox is not in sync with the Podfile.lock. Run 'pod install' or update your CocoaPods installation.\" >&2\n    exit 1\nfi\n# This output is used by Xcode 'outputs' to avoid re-running this script phase.\necho \"SUCCESS\" > \"${SCRIPT_OUTPUT_FILE_0}\"\n";
			showEnvVarsInLog = 0;
		};
		C00C181A19A84AF6F04BC2A3 /* [CP] Check Pods Manifest.lock */ = {
			isa = PBXShellScriptBuildPhase;
			buildActionMask = 2147483647;
			files = (
			);
			inputFileListPaths = (
			);
			inputPaths = (
				"${PODS_PODFILE_DIR_PATH}/Podfile.lock",
				"${PODS_ROOT}/Manifest.lock",
			);
			name = "[CP] Check Pods Manifest.lock";
			outputFileListPaths = (
			);
			outputPaths = (
				"$(DERIVED_FILE_DIR)/Pods-Trip PlannerTests-checkManifestLockResult.txt",
			);
			runOnlyForDeploymentPostprocessing = 0;
			shellPath = /bin/sh;
			shellScript = "diff \"${PODS_PODFILE_DIR_PATH}/Podfile.lock\" \"${PODS_ROOT}/Manifest.lock\" > /dev/null\nif [ $? != 0 ] ; then\n    # print error to STDERR\n    echo \"error: The sandbox is not in sync with the Podfile.lock. Run 'pod install' or update your CocoaPods installation.\" >&2\n    exit 1\nfi\n# This output is used by Xcode 'outputs' to avoid re-running this script phase.\necho \"SUCCESS\" > \"${SCRIPT_OUTPUT_FILE_0}\"\n";
			showEnvVarsInLog = 0;
		};
/* End PBXShellScriptBuildPhase section */

/* Begin PBXSourcesBuildPhase section */
		5DE98AB82273C1960033FD91 /* Sources */ = {
			isa = PBXSourcesBuildPhase;
			buildActionMask = 2147483647;
			files = (
				5DF82E8E228D40D300CB69FF /* Trip+CoreDataProperties.swift in Sources */,
				5DF9D1682280C77100C6119D /* SpecificTripVC+Constraints.swift in Sources */,
				5DF82E8D228D40D300CB69FF /* Trip+CoreDataClass.swift in Sources */,
				5DE98AC22273C1960033FD91 /* PlannedTripVC.swift in Sources */,
				5D7F3D80228B43E900FF4F1B /* Waypoint.swift in Sources */,
				5DE98AC82273C1960033FD91 /* Trip_Planner.xcdatamodeld in Sources */,
				5DF82E90228D440C00CB69FF /* Constants.swift in Sources */,
				5DE98AC02273C1960033FD91 /* AppDelegate.swift in Sources */,
				5DF740372283AD8900D8A8D4 /* ServiceLayer.swift in Sources */,
				5D7F3D83228B6FDB00FF4F1B /* CoreDataManager.swift in Sources */,
				5D4735DD228001BD00A53896 /* UINavController.swift in Sources */,
				5D1FC2BA228256A200F1547A /* AccessPlist.swift in Sources */,
				5D4735D8227FF56C00A53896 /* AddTripVC.swift in Sources */,
				5DF82E8B228D40D300CB69FF /* Waypoint+CoreDataClass.swift in Sources */,
				5D7F3D7D228B414F00FF4F1B /* WaypointCell.swift in Sources */,
				5DF9D1652280B5DA00C6119D /* SpecificTripVC.swift in Sources */,
				5D4735DA227FF9C700A53896 /* AddTripVC+Constraints.swift in Sources */,
				5DF740352283AD7C00D8A8D4 /* Router.swift in Sources */,
				5DE2FDA32286583700B85709 /* PlaceModel.swift in Sources */,
				5DF435EB2287823900EA7E86 /* WaypointVC+Constraints.swift in Sources */,
				5DE98AE32273C7CC0033FD91 /* PlannedTripVC+Constraints.swift in Sources */,
				5DF82E8C228D40D300CB69FF /* Waypoint+CoreDataProperties.swift in Sources */,
				5D1FC2B822823DF300F1547A /* WayPointVC.swift in Sources */,
			);
			runOnlyForDeploymentPostprocessing = 0;
		};
		5DE98ACF2273C1990033FD91 /* Sources */ = {
			isa = PBXSourcesBuildPhase;
			buildActionMask = 2147483647;
			files = (
				5DE98AD82273C1990033FD91 /* Trip_PlannerTests.swift in Sources */,
			);
			runOnlyForDeploymentPostprocessing = 0;
		};
/* End PBXSourcesBuildPhase section */

/* Begin PBXTargetDependency section */
		5DE98AD52273C1990033FD91 /* PBXTargetDependency */ = {
			isa = PBXTargetDependency;
			target = 5DE98ABB2273C1960033FD91 /* TripPlanner */;
			targetProxy = 5DE98AD42273C1990033FD91 /* PBXContainerItemProxy */;
		};
/* End PBXTargetDependency section */

/* Begin PBXVariantGroup section */
		5DE98ACB2273C1990033FD91 /* LaunchScreen.storyboard */ = {
			isa = PBXVariantGroup;
			children = (
				5DE98ACC2273C1990033FD91 /* Base */,
			);
			name = LaunchScreen.storyboard;
			sourceTree = "<group>";
		};
/* End PBXVariantGroup section */

/* Begin XCBuildConfiguration section */
		5DE98ADA2273C1990033FD91 /* Debug */ = {
			isa = XCBuildConfiguration;
			buildSettings = {
				ALWAYS_SEARCH_USER_PATHS = NO;
				CLANG_ANALYZER_NONNULL = YES;
				CLANG_ANALYZER_NUMBER_OBJECT_CONVERSION = YES_AGGRESSIVE;
				CLANG_CXX_LANGUAGE_STANDARD = "gnu++14";
				CLANG_CXX_LIBRARY = "libc++";
				CLANG_ENABLE_MODULES = YES;
				CLANG_ENABLE_OBJC_ARC = YES;
				CLANG_ENABLE_OBJC_WEAK = YES;
				CLANG_WARN_BLOCK_CAPTURE_AUTORELEASING = YES;
				CLANG_WARN_BOOL_CONVERSION = YES;
				CLANG_WARN_COMMA = YES;
				CLANG_WARN_CONSTANT_CONVERSION = YES;
				CLANG_WARN_DEPRECATED_OBJC_IMPLEMENTATIONS = YES;
				CLANG_WARN_DIRECT_OBJC_ISA_USAGE = YES_ERROR;
				CLANG_WARN_DOCUMENTATION_COMMENTS = YES;
				CLANG_WARN_EMPTY_BODY = YES;
				CLANG_WARN_ENUM_CONVERSION = YES;
				CLANG_WARN_INFINITE_RECURSION = YES;
				CLANG_WARN_INT_CONVERSION = YES;
				CLANG_WARN_NON_LITERAL_NULL_CONVERSION = YES;
				CLANG_WARN_OBJC_IMPLICIT_RETAIN_SELF = YES;
				CLANG_WARN_OBJC_LITERAL_CONVERSION = YES;
				CLANG_WARN_OBJC_ROOT_CLASS = YES_ERROR;
				CLANG_WARN_RANGE_LOOP_ANALYSIS = YES;
				CLANG_WARN_STRICT_PROTOTYPES = YES;
				CLANG_WARN_SUSPICIOUS_MOVE = YES;
				CLANG_WARN_UNGUARDED_AVAILABILITY = YES_AGGRESSIVE;
				CLANG_WARN_UNREACHABLE_CODE = YES;
				CLANG_WARN__DUPLICATE_METHOD_MATCH = YES;
				CODE_SIGN_IDENTITY = "iPhone Developer";
				COPY_PHASE_STRIP = NO;
				DEBUG_INFORMATION_FORMAT = dwarf;
				ENABLE_STRICT_OBJC_MSGSEND = YES;
				ENABLE_TESTABILITY = YES;
				GCC_C_LANGUAGE_STANDARD = gnu11;
				GCC_DYNAMIC_NO_PIC = NO;
				GCC_NO_COMMON_BLOCKS = YES;
				GCC_OPTIMIZATION_LEVEL = 0;
				GCC_PREPROCESSOR_DEFINITIONS = (
					"DEBUG=1",
					"$(inherited)",
				);
				GCC_WARN_64_TO_32_BIT_CONVERSION = YES;
				GCC_WARN_ABOUT_RETURN_TYPE = YES_ERROR;
				GCC_WARN_UNDECLARED_SELECTOR = YES;
				GCC_WARN_UNINITIALIZED_AUTOS = YES_AGGRESSIVE;
				GCC_WARN_UNUSED_FUNCTION = YES;
				GCC_WARN_UNUSED_VARIABLE = YES;
				"INFOPLIST_FILE[sdk=*]" = "";
				IPHONEOS_DEPLOYMENT_TARGET = 12.1;
				MTL_ENABLE_DEBUG_INFO = INCLUDE_SOURCE;
				MTL_FAST_MATH = YES;
				ONLY_ACTIVE_ARCH = YES;
				SDKROOT = iphoneos;
				SWIFT_ACTIVE_COMPILATION_CONDITIONS = DEBUG;
				SWIFT_OPTIMIZATION_LEVEL = "-Onone";
			};
			name = Debug;
		};
		5DE98ADB2273C1990033FD91 /* Release */ = {
			isa = XCBuildConfiguration;
			buildSettings = {
				ALWAYS_SEARCH_USER_PATHS = NO;
				CLANG_ANALYZER_NONNULL = YES;
				CLANG_ANALYZER_NUMBER_OBJECT_CONVERSION = YES_AGGRESSIVE;
				CLANG_CXX_LANGUAGE_STANDARD = "gnu++14";
				CLANG_CXX_LIBRARY = "libc++";
				CLANG_ENABLE_MODULES = YES;
				CLANG_ENABLE_OBJC_ARC = YES;
				CLANG_ENABLE_OBJC_WEAK = YES;
				CLANG_WARN_BLOCK_CAPTURE_AUTORELEASING = YES;
				CLANG_WARN_BOOL_CONVERSION = YES;
				CLANG_WARN_COMMA = YES;
				CLANG_WARN_CONSTANT_CONVERSION = YES;
				CLANG_WARN_DEPRECATED_OBJC_IMPLEMENTATIONS = YES;
				CLANG_WARN_DIRECT_OBJC_ISA_USAGE = YES_ERROR;
				CLANG_WARN_DOCUMENTATION_COMMENTS = YES;
				CLANG_WARN_EMPTY_BODY = YES;
				CLANG_WARN_ENUM_CONVERSION = YES;
				CLANG_WARN_INFINITE_RECURSION = YES;
				CLANG_WARN_INT_CONVERSION = YES;
				CLANG_WARN_NON_LITERAL_NULL_CONVERSION = YES;
				CLANG_WARN_OBJC_IMPLICIT_RETAIN_SELF = YES;
				CLANG_WARN_OBJC_LITERAL_CONVERSION = YES;
				CLANG_WARN_OBJC_ROOT_CLASS = YES_ERROR;
				CLANG_WARN_RANGE_LOOP_ANALYSIS = YES;
				CLANG_WARN_STRICT_PROTOTYPES = YES;
				CLANG_WARN_SUSPICIOUS_MOVE = YES;
				CLANG_WARN_UNGUARDED_AVAILABILITY = YES_AGGRESSIVE;
				CLANG_WARN_UNREACHABLE_CODE = YES;
				CLANG_WARN__DUPLICATE_METHOD_MATCH = YES;
				CODE_SIGN_IDENTITY = "iPhone Developer";
				COPY_PHASE_STRIP = NO;
				DEBUG_INFORMATION_FORMAT = "dwarf-with-dsym";
				ENABLE_NS_ASSERTIONS = NO;
				ENABLE_STRICT_OBJC_MSGSEND = YES;
				GCC_C_LANGUAGE_STANDARD = gnu11;
				GCC_NO_COMMON_BLOCKS = YES;
				GCC_WARN_64_TO_32_BIT_CONVERSION = YES;
				GCC_WARN_ABOUT_RETURN_TYPE = YES_ERROR;
				GCC_WARN_UNDECLARED_SELECTOR = YES;
				GCC_WARN_UNINITIALIZED_AUTOS = YES_AGGRESSIVE;
				GCC_WARN_UNUSED_FUNCTION = YES;
				GCC_WARN_UNUSED_VARIABLE = YES;
				IPHONEOS_DEPLOYMENT_TARGET = 12.1;
				MTL_ENABLE_DEBUG_INFO = NO;
				MTL_FAST_MATH = YES;
				SDKROOT = iphoneos;
				SWIFT_COMPILATION_MODE = wholemodule;
				SWIFT_OPTIMIZATION_LEVEL = "-O";
				VALIDATE_PRODUCT = YES;
			};
			name = Release;
		};
		5DE98ADD2273C1990033FD91 /* Debug */ = {
			isa = XCBuildConfiguration;
			baseConfigurationReference = E2668E5E3A6C5170ABF7D83F /* Pods-Trip Planner.debug.xcconfig */;
			buildSettings = {
				ASSETCATALOG_COMPILER_APPICON_NAME = AppIcon;
				CODE_SIGN_STYLE = Automatic;
				DEVELOPMENT_TEAM = R7Y8QKEC95;
				INFOPLIST_FILE = "$(SRCROOT)/TripPlanner/Info.plist";
				LD_RUNPATH_SEARCH_PATHS = (
					"$(inherited)",
					"@executable_path/Frameworks",
				);
				PRODUCT_BUNDLE_IDENTIFIER = "S.Trip-Planner";
				PRODUCT_NAME = "$(TARGET_NAME)";
				SWIFT_VERSION = 4.2;
				TARGETED_DEVICE_FAMILY = "1,2";
			};
			name = Debug;
		};
		5DE98ADE2273C1990033FD91 /* Release */ = {
			isa = XCBuildConfiguration;
			baseConfigurationReference = F9BF8C0C7754CCC3FE20D05B /* Pods-Trip Planner.release.xcconfig */;
			buildSettings = {
				ASSETCATALOG_COMPILER_APPICON_NAME = AppIcon;
				CODE_SIGN_STYLE = Automatic;
				DEVELOPMENT_TEAM = R7Y8QKEC95;
				INFOPLIST_FILE = "$(SRCROOT)/TripPlanner/Info.plist";
				LD_RUNPATH_SEARCH_PATHS = (
					"$(inherited)",
					"@executable_path/Frameworks",
				);
				PRODUCT_BUNDLE_IDENTIFIER = "S.Trip-Planner";
				PRODUCT_NAME = "$(TARGET_NAME)";
				SWIFT_VERSION = 4.2;
				TARGETED_DEVICE_FAMILY = "1,2";
			};
			name = Release;
		};
		5DE98AE02273C1990033FD91 /* Debug */ = {
			isa = XCBuildConfiguration;
			baseConfigurationReference = 969AE107D9DD79C5B2F2E074 /* Pods-Trip PlannerTests.debug.xcconfig */;
			buildSettings = {
				ALWAYS_EMBED_SWIFT_STANDARD_LIBRARIES = YES;
				BUNDLE_LOADER = "$(TEST_HOST)";
				CODE_SIGN_STYLE = Automatic;
				DEVELOPMENT_TEAM = R7Y8QKEC95;
				INFOPLIST_FILE = "Trip PlannerTests/Info.plist";
				LD_RUNPATH_SEARCH_PATHS = (
					"$(inherited)",
					"@executable_path/Frameworks",
					"@loader_path/Frameworks",
				);
				PRODUCT_BUNDLE_IDENTIFIER = "S.Trip-PlannerTests";
				PRODUCT_NAME = "$(TARGET_NAME)";
				SWIFT_VERSION = 4.2;
				TARGETED_DEVICE_FAMILY = "1,2";
				TEST_HOST = "$(BUILT_PRODUCTS_DIR)/Trip Planner.app/Trip Planner";
			};
			name = Debug;
		};
		5DE98AE12273C1990033FD91 /* Release */ = {
			isa = XCBuildConfiguration;
			baseConfigurationReference = 13BF930ED536FED6EC8D5C74 /* Pods-Trip PlannerTests.release.xcconfig */;
			buildSettings = {
				ALWAYS_EMBED_SWIFT_STANDARD_LIBRARIES = YES;
				BUNDLE_LOADER = "$(TEST_HOST)";
				CODE_SIGN_STYLE = Automatic;
				DEVELOPMENT_TEAM = R7Y8QKEC95;
				INFOPLIST_FILE = "Trip PlannerTests/Info.plist";
				LD_RUNPATH_SEARCH_PATHS = (
					"$(inherited)",
					"@executable_path/Frameworks",
					"@loader_path/Frameworks",
				);
				PRODUCT_BUNDLE_IDENTIFIER = "S.Trip-PlannerTests";
				PRODUCT_NAME = "$(TARGET_NAME)";
				SWIFT_VERSION = 4.2;
				TARGETED_DEVICE_FAMILY = "1,2";
				TEST_HOST = "$(BUILT_PRODUCTS_DIR)/Trip Planner.app/Trip Planner";
			};
			name = Release;
		};
/* End XCBuildConfiguration section */

/* Begin XCConfigurationList section */
		5DE98AB72273C1960033FD91 /* Build configuration list for PBXProject "TripPlanner" */ = {
			isa = XCConfigurationList;
			buildConfigurations = (
				5DE98ADA2273C1990033FD91 /* Debug */,
				5DE98ADB2273C1990033FD91 /* Release */,
			);
			defaultConfigurationIsVisible = 0;
			defaultConfigurationName = Release;
		};
		5DE98ADC2273C1990033FD91 /* Build configuration list for PBXNativeTarget "TripPlanner" */ = {
			isa = XCConfigurationList;
			buildConfigurations = (
				5DE98ADD2273C1990033FD91 /* Debug */,
				5DE98ADE2273C1990033FD91 /* Release */,
			);
			defaultConfigurationIsVisible = 0;
			defaultConfigurationName = Release;
		};
		5DE98ADF2273C1990033FD91 /* Build configuration list for PBXNativeTarget "Trip PlannerTests" */ = {
			isa = XCConfigurationList;
			buildConfigurations = (
				5DE98AE02273C1990033FD91 /* Debug */,
				5DE98AE12273C1990033FD91 /* Release */,
			);
			defaultConfigurationIsVisible = 0;
			defaultConfigurationName = Release;
		};
/* End XCConfigurationList section */

/* Begin XCVersionGroup section */
		5DE98AC62273C1960033FD91 /* Trip_Planner.xcdatamodeld */ = {
			isa = XCVersionGroup;
			children = (
				5DE98AC72273C1960033FD91 /* Trip_Planner.xcdatamodel */,
			);
			currentVersion = 5DE98AC72273C1960033FD91 /* Trip_Planner.xcdatamodel */;
			path = Trip_Planner.xcdatamodeld;
			sourceTree = "<group>";
			versionGroupType = wrapper.xcdatamodel;
		};
/* End XCVersionGroup section */
	};
	rootObject = 5DE98AB42273C1960033FD91 /* Project object */;
}
